
Microsoft Visual Studio Solution File, Format Version 12.00
# Visual Studio Version 17
VisualStudioVersion = 17.2.32516.85
MinimumVisualStudioVersion = 10.0.40219.1
Project("{9A19103F-16F7-4668-BE54-9A1E7A4F7556}") = "TBD_library", "TBD_library\TBD_library.csproj", "{9268443F-9836-4472-B168-9F6CAE77C28A}"
EndProject
Project("{9A19103F-16F7-4668-BE54-9A1E7A4F7556}") = "TBD_library.Data", "TBD_library.Data\TBD_library.Data.csproj", "{FAD9EB8C-B89E-4081-9E1D-B8EE317D452C}"
EndProject
Project("{9A19103F-16F7-4668-BE54-9A1E7A4F7556}") = "TBD_library.Application", "TBD_library.Application\TBD_library.Application.csproj", "{87706F46-74BF-4760-81F8-45D947C49D64}"
EndProject
Global
	GlobalSection(SolutionConfigurationPlatforms) = preSolution
		Debug|Any CPU = Debug|Any CPU
		Release|Any CPU = Release|Any CPU
	EndGlobalSection
	GlobalSection(ProjectConfigurationPlatforms) = postSolution
		{9268443F-9836-4472-B168-9F6CAE77C28A}.Debug|Any CPU.ActiveCfg = Debug|Any CPU
		{9268443F-9836-4472-B168-9F6CAE77C28A}.Debug|Any CPU.Build.0 = Debug|Any CPU
		{9268443F-9836-4472-B168-9F6CAE77C28A}.Release|Any CPU.ActiveCfg = Release|Any CPU
		{9268443F-9836-4472-B168-9F6CAE77C28A}.Release|Any CPU.Build.0 = Release|Any CPU
		{FAD9EB8C-B89E-4081-9E1D-B8EE317D452C}.Debug|Any CPU.ActiveCfg = Debug|Any CPU
		{FAD9EB8C-B89E-4081-9E1D-B8EE317D452C}.Debug|Any CPU.Build.0 = Debug|Any CPU
		{FAD9EB8C-B89E-4081-9E1D-B8EE317D452C}.Release|Any CPU.ActiveCfg = Release|Any CPU
		{FAD9EB8C-B89E-4081-9E1D-B8EE317D452C}.Release|Any CPU.Build.0 = Release|Any CPU
		{87706F46-74BF-4760-81F8-45D947C49D64}.Debug|Any CPU.ActiveCfg = Debug|Any CPU
		{87706F46-74BF-4760-81F8-45D947C49D64}.Debug|Any CPU.Build.0 = Debug|Any CPU
		{87706F46-74BF-4760-81F8-45D947C49D64}.Release|Any CPU.ActiveCfg = Release|Any CPU
		{87706F46-74BF-4760-81F8-45D947C49D64}.Release|Any CPU.Build.0 = Release|Any CPU
	EndGlobalSection
	GlobalSection(SolutionProperties) = preSolution
		HideSolutionNode = FALSE
	EndGlobalSection
	GlobalSection(ExtensibilityGlobals) = postSolution
		SolutionGuid = {16F998B3-F472-4671-BEED-95E1D5A52F58}
	EndGlobalSection
EndGlobal
